
Microsoft Visual Studio Solution File, Format Version 12.00
# Visual Studio Version 17
VisualStudioVersion = 17.0.31903.59
MinimumVisualStudioVersion = 10.0.40219.1
Project("{2150E333-8FDC-42A3-9474-1A3956D46DE8}") = "src", "src", "{827E0CD3-B72D-47B6-A68D-7590B98EB39B}"
EndProject
Project("{FAE04EC0-301F-11D3-BF4B-00C04F79EFBC}") = "PonPon.Api", "src\PonPon.Api\PonPon.Api.csproj", "{56BEAB72-95EF-448C-B434-E489CEEA5AFF}"
EndProject
Project("{FAE04EC0-301F-11D3-BF4B-00C04F79EFBC}") = "PonPon.Shared", "src\PonPon.Shared\PonPon.Shared.csproj", "{640C1803-3F60-4957-BF2D-7812B1A37CCC}"
EndProject
Project("{FAE04EC0-301F-11D3-BF4B-00C04F79EFBC}") = "PonPon.Modules.Identity", "src\PonPon.Modules.Identity\PonPon.Modules.Identity.csproj", "{BC7B5222-1E92-40AD-94D3-8CCD82525DF4}"
EndProject
Project("{FAE04EC0-301F-11D3-BF4B-00C04F79EFBC}") = "PonPon.Modules.Catalog", "src\PonPon.Modules.Catalog\PonPon.Modules.Catalog.csproj", "{47310D7F-4E33-4560-9487-338769A8DF50}"
EndProject
Project("{FAE04EC0-301F-11D3-BF4B-00C04F79EFBC}") = "PonPon.Modules.Cart", "src\PonPon.Modules.Cart\PonPon.Modules.Cart.csproj", "{ED83E8C8-8A53-4372-AE5C-C8E368C73352}"
EndProject
Project("{FAE04EC0-301F-11D3-BF4B-00C04F79EFBC}") = "PonPon.Modules.Ordering", "src\PonPon.Modules.Ordering\PonPon.Modules.Ordering.csproj", "{81D1C3A9-A6A0-44BE-AEF9-CB72832B96EC}"
EndProject
Project("{FAE04EC0-301F-11D3-BF4B-00C04F79EFBC}") = "PonPon.Modules.Payment", "src\PonPon.Modules.Payment\PonPon.Modules.Payment.csproj", "{C58DC0F9-E133-4C00-85B5-CC9262CB10C1}"
EndProject
Project("{FAE04EC0-301F-11D3-BF4B-00C04F79EFBC}") = "PonPon.Modules.Notification", "src\PonPon.Modules.Notification\PonPon.Modules.Notification.csproj", "{385B9D66-EF72-402F-9232-DC32B5F6703A}"
EndProject
Project("{FAE04EC0-301F-11D3-BF4B-00C04F79EFBC}") = "PonPon.Modules.Promotion", "src\PonPon.Modules.Promotion\PonPon.Modules.Promotion.csproj", "{BAF46B7A-B9E0-4D66-97D2-27FFDCE66541}"
EndProject
Project("{2150E333-8FDC-42A3-9474-1A3956D46DE8}") = "tests", "tests", "{0AB3BF05-4346-4AA6-1389-037BE0695223}"
EndProject
Project("{FAE04EC0-301F-11D3-BF4B-00C04F79EFBC}") = "PonPon.Api.Tests", "tests\PonPon.Api.Tests\PonPon.Api.Tests.csproj", "{2C90B857-187D-47DB-9A46-16AD5E262646}"
EndProject
Project("{FAE04EC0-301F-11D3-BF4B-00C04F79EFBC}") = "PonPon.Modules.Identity.Tests", "tests\PonPon.Modules.Identity.Tests\PonPon.Modules.Identity.Tests.csproj", "{7B5697B2-27CE-4154-AAC2-9A0DC7764EB9}"
EndProject
Project("{FAE04EC0-301F-11D3-BF4B-00C04F79EFBC}") = "PonPon.Modules.Catalog.Tests", "tests\PonPon.Modules.Catalog.Tests\PonPon.Modules.Catalog.Tests.csproj", "{29EE7AF0-C111-48DD-A138-60D6480EB655}"
EndProject
Project("{FAE04EC0-301F-11D3-BF4B-00C04F79EFBC}") = "PonPon.Modules.Cart.Tests", "tests\PonPon.Modules.Cart.Tests\PonPon.Modules.Cart.Tests.csproj", "{5F9F5B69-34B2-4E05-8B7A-EFF7E8BF77E5}"
EndProject
Project("{FAE04EC0-301F-11D3-BF4B-00C04F79EFBC}") = "PonPon.Modules.Ordering.Tests", "tests\PonPon.Modules.Ordering.Tests\PonPon.Modules.Ordering.Tests.csproj", "{90D364F4-26EF-4BC0-839B-BC47F4F041CA}"
EndProject
Project("{FAE04EC0-301F-11D3-BF4B-00C04F79EFBC}") = "PonPon.Modules.Payment.Tests", "tests\PonPon.Modules.Payment.Tests\PonPon.Modules.Payment.Tests.csproj", "{C8F2F0D6-01A8-428D-82EF-6F8233E76C84}"
EndProject
Project("{FAE04EC0-301F-11D3-BF4B-00C04F79EFBC}") = "PonPon.Modules.Notification.Tests", "tests\PonPon.Modules.Notification.Tests\PonPon.Modules.Notification.Tests.csproj", "{0898F1F3-ACEF-4EBA-9E08-114E6EE152B7}"
EndProject
Project("{FAE04EC0-301F-11D3-BF4B-00C04F79EFBC}") = "PonPon.Modules.Promotion.Tests", "tests\PonPon.Modules.Promotion.Tests\PonPon.Modules.Promotion.Tests.csproj", "{B0A668AD-9D12-4886-93E1-569A2AD73F18}"
EndProject
Project("{FAE04EC0-301F-11D3-BF4B-00C04F79EFBC}") = "PonPon.Modules.Settings", "src\PonPon.Modules.Settings\PonPon.Modules.Settings.csproj", "{8CEDD086-CDE8-4F95-A7B9-85D215F7A683}"
EndProject
Project("{FAE04EC0-301F-11D3-BF4B-00C04F79EFBC}") = "PonPon.Modules.Shipping", "src\PonPon.Modules.Shipping\PonPon.Modules.Shipping.csproj", "{2BA683E9-18DC-4E8E-9F28-1E4B82B63164}"
EndProject
Project("{FAE04EC0-301F-11D3-BF4B-00C04F79EFBC}") = "PonPon.Modules.Reviews", "src\PonPon.Modules.Reviews\PonPon.Modules.Reviews.csproj", "{5EDE6609-DFF0-4368-ADFD-483D9675FC67}"
EndProject
Global
	GlobalSection(SolutionConfigurationPlatforms) = preSolution
		Debug|Any CPU = Debug|Any CPU
		Debug|x64 = Debug|x64
		Debug|x86 = Debug|x86
		Release|Any CPU = Release|Any CPU
		Release|x64 = Release|x64
		Release|x86 = Release|x86
	EndGlobalSection
	GlobalSection(ProjectConfigurationPlatforms) = postSolution
		{56BEAB72-95EF-448C-B434-E489CEEA5AFF}.Debug|Any CPU.ActiveCfg = Debug|Any CPU
		{56BEAB72-95EF-448C-B434-E489CEEA5AFF}.Debug|Any CPU.Build.0 = Debug|Any CPU
		{56BEAB72-95EF-448C-B434-E489CEEA5AFF}.Debug|x64.ActiveCfg = Debug|Any CPU
		{56BEAB72-95EF-448C-B434-E489CEEA5AFF}.Debug|x64.Build.0 = Debug|Any CPU
		{56BEAB72-95EF-448C-B434-E489CEEA5AFF}.Debug|x86.ActiveCfg = Debug|Any CPU
		{56BEAB72-95EF-448C-B434-E489CEEA5AFF}.Debug|x86.Build.0 = Debug|Any CPU
		{56BEAB72-95EF-448C-B434-E489CEEA5AFF}.Release|Any CPU.ActiveCfg = Release|Any CPU
		{56BEAB72-95EF-448C-B434-E489CEEA5AFF}.Release|Any CPU.Build.0 = Release|Any CPU
		{56BEAB72-95EF-448C-B434-E489CEEA5AFF}.Release|x64.ActiveCfg = Release|Any CPU
		{56BEAB72-95EF-448C-B434-E489CEEA5AFF}.Release|x64.Build.0 = Release|Any CPU
		{56BEAB72-95EF-448C-B434-E489CEEA5AFF}.Release|x86.ActiveCfg = Release|Any CPU
		{56BEAB72-95EF-448C-B434-E489CEEA5AFF}.Release|x86.Build.0 = Release|Any CPU
		{640C1803-3F60-4957-BF2D-7812B1A37CCC}.Debug|Any CPU.ActiveCfg = Debug|Any CPU
		{640C1803-3F60-4957-BF2D-7812B1A37CCC}.Debug|Any CPU.Build.0 = Debug|Any CPU
		{640C1803-3F60-4957-BF2D-7812B1A37CCC}.Debug|x64.ActiveCfg = Debug|Any CPU
		{640C1803-3F60-4957-BF2D-7812B1A37CCC}.Debug|x64.Build.0 = Debug|Any CPU
		{640C1803-3F60-4957-BF2D-7812B1A37CCC}.Debug|x86.ActiveCfg = Debug|Any CPU
		{640C1803-3F60-4957-BF2D-7812B1A37CCC}.Debug|x86.Build.0 = Debug|Any CPU
		{640C1803-3F60-4957-BF2D-7812B1A37CCC}.Release|Any CPU.ActiveCfg = Release|Any CPU
		{640C1803-3F60-4957-BF2D-7812B1A37CCC}.Release|Any CPU.Build.0 = Release|Any CPU
		{640C1803-3F60-4957-BF2D-7812B1A37CCC}.Release|x64.ActiveCfg = Release|Any CPU
		{640C1803-3F60-4957-BF2D-7812B1A37CCC}.Release|x64.Build.0 = Release|Any CPU
		{640C1803-3F60-4957-BF2D-7812B1A37CCC}.Release|x86.ActiveCfg = Release|Any CPU
		{640C1803-3F60-4957-BF2D-7812B1A37CCC}.Release|x86.Build.0 = Release|Any CPU
		{BC7B5222-1E92-40AD-94D3-8CCD82525DF4}.Debug|Any CPU.ActiveCfg = Debug|Any CPU
		{BC7B5222-1E92-40AD-94D3-8CCD82525DF4}.Debug|Any CPU.Build.0 = Debug|Any CPU
		{BC7B5222-1E92-40AD-94D3-8CCD82525DF4}.Debug|x64.ActiveCfg = Debug|Any CPU
		{BC7B5222-1E92-40AD-94D3-8CCD82525DF4}.Debug|x64.Build.0 = Debug|Any CPU
		{BC7B5222-1E92-40AD-94D3-8CCD82525DF4}.Debug|x86.ActiveCfg = Debug|Any CPU
		{BC7B5222-1E92-40AD-94D3-8CCD82525DF4}.Debug|x86.Build.0 = Debug|Any CPU
		{BC7B5222-1E92-40AD-94D3-8CCD82525DF4}.Release|Any CPU.ActiveCfg = Release|Any CPU
		{BC7B5222-1E92-40AD-94D3-8CCD82525DF4}.Release|Any CPU.Build.0 = Release|Any CPU
		{BC7B5222-1E92-40AD-94D3-8CCD82525DF4}.Release|x64.ActiveCfg = Release|Any CPU
		{BC7B5222-1E92-40AD-94D3-8CCD82525DF4}.Release|x64.Build.0 = Release|Any CPU
		{BC7B5222-1E92-40AD-94D3-8CCD82525DF4}.Release|x86.ActiveCfg = Release|Any CPU
		{BC7B5222-1E92-40AD-94D3-8CCD82525DF4}.Release|x86.Build.0 = Release|Any CPU
		{47310D7F-4E33-4560-9487-338769A8DF50}.Debug|Any CPU.ActiveCfg = Debug|Any CPU
		{47310D7F-4E33-4560-9487-338769A8DF50}.Debug|Any CPU.Build.0 = Debug|Any CPU
		{47310D7F-4E33-4560-9487-338769A8DF50}.Debug|x64.ActiveCfg = Debug|Any CPU
		{47310D7F-4E33-4560-9487-338769A8DF50}.Debug|x64.Build.0 = Debug|Any CPU
		{47310D7F-4E33-4560-9487-338769A8DF50}.Debug|x86.ActiveCfg = Debug|Any CPU
		{47310D7F-4E33-4560-9487-338769A8DF50}.Debug|x86.Build.0 = Debug|Any CPU
		{47310D7F-4E33-4560-9487-338769A8DF50}.Release|Any CPU.ActiveCfg = Release|Any CPU
		{47310D7F-4E33-4560-9487-338769A8DF50}.Release|Any CPU.Build.0 = Release|Any CPU
		{47310D7F-4E33-4560-9487-338769A8DF50}.Release|x64.ActiveCfg = Release|Any CPU
		{47310D7F-4E33-4560-9487-338769A8DF50}.Release|x64.Build.0 = Release|Any CPU
		{47310D7F-4E33-4560-9487-338769A8DF50}.Release|x86.ActiveCfg = Release|Any CPU
		{47310D7F-4E33-4560-9487-338769A8DF50}.Release|x86.Build.0 = Release|Any CPU
		{ED83E8C8-8A53-4372-AE5C-C8E368C73352}.Debug|Any CPU.ActiveCfg = Debug|Any CPU
		{ED83E8C8-8A53-4372-AE5C-C8E368C73352}.Debug|Any CPU.Build.0 = Debug|Any CPU
		{ED83E8C8-8A53-4372-AE5C-C8E368C73352}.Debug|x64.ActiveCfg = Debug|Any CPU
		{ED83E8C8-8A53-4372-AE5C-C8E368C73352}.Debug|x64.Build.0 = Debug|Any CPU
		{ED83E8C8-8A53-4372-AE5C-C8E368C73352}.Debug|x86.ActiveCfg = Debug|Any CPU
		{ED83E8C8-8A53-4372-AE5C-C8E368C73352}.Debug|x86.Build.0 = Debug|Any CPU
		{ED83E8C8-8A53-4372-AE5C-C8E368C73352}.Release|Any CPU.ActiveCfg = Release|Any CPU
		{ED83E8C8-8A53-4372-AE5C-C8E368C73352}.Release|Any CPU.Build.0 = Release|Any CPU
		{ED83E8C8-8A53-4372-AE5C-C8E368C73352}.Release|x64.ActiveCfg = Release|Any CPU
		{ED83E8C8-8A53-4372-AE5C-C8E368C73352}.Release|x64.Build.0 = Release|Any CPU
		{ED83E8C8-8A53-4372-AE5C-C8E368C73352}.Release|x86.ActiveCfg = Release|Any CPU
		{ED83E8C8-8A53-4372-AE5C-C8E368C73352}.Release|x86.Build.0 = Release|Any CPU
		{81D1C3A9-A6A0-44BE-AEF9-CB72832B96EC}.Debug|Any CPU.ActiveCfg = Debug|Any CPU
		{81D1C3A9-A6A0-44BE-AEF9-CB72832B96EC}.Debug|Any CPU.Build.0 = Debug|Any CPU
		{81D1C3A9-A6A0-44BE-AEF9-CB72832B96EC}.Debug|x64.ActiveCfg = Debug|Any CPU
		{81D1C3A9-A6A0-44BE-AEF9-CB72832B96EC}.Debug|x64.Build.0 = Debug|Any CPU
		{81D1C3A9-A6A0-44BE-AEF9-CB72832B96EC}.Debug|x86.ActiveCfg = Debug|Any CPU
		{81D1C3A9-A6A0-44BE-AEF9-CB72832B96EC}.Debug|x86.Build.0 = Debug|Any CPU
		{81D1C3A9-A6A0-44BE-AEF9-CB72832B96EC}.Release|Any CPU.ActiveCfg = Release|Any CPU
		{81D1C3A9-A6A0-44BE-AEF9-CB72832B96EC}.Release|Any CPU.Build.0 = Release|Any CPU
		{81D1C3A9-A6A0-44BE-AEF9-CB72832B96EC}.Release|x64.ActiveCfg = Release|Any CPU
		{81D1C3A9-A6A0-44BE-AEF9-CB72832B96EC}.Release|x64.Build.0 = Release|Any CPU
		{81D1C3A9-A6A0-44BE-AEF9-CB72832B96EC}.Release|x86.ActiveCfg = Release|Any CPU
		{81D1C3A9-A6A0-44BE-AEF9-CB72832B96EC}.Release|x86.Build.0 = Release|Any CPU
		{C58DC0F9-E133-4C00-85B5-CC9262CB10C1}.Debug|Any CPU.ActiveCfg = Debug|Any CPU
		{C58DC0F9-E133-4C00-85B5-CC9262CB10C1}.Debug|Any CPU.Build.0 = Debug|Any CPU
		{C58DC0F9-E133-4C00-85B5-CC9262CB10C1}.Debug|x64.ActiveCfg = Debug|Any CPU
		{C58DC0F9-E133-4C00-85B5-CC9262CB10C1}.Debug|x64.Build.0 = Debug|Any CPU
		{C58DC0F9-E133-4C00-85B5-CC9262CB10C1}.Debug|x86.ActiveCfg = Debug|Any CPU
		{C58DC0F9-E133-4C00-85B5-CC9262CB10C1}.Debug|x86.Build.0 = Debug|Any CPU
		{C58DC0F9-E133-4C00-85B5-CC9262CB10C1}.Release|Any CPU.ActiveCfg = Release|Any CPU
		{C58DC0F9-E133-4C00-85B5-CC9262CB10C1}.Release|Any CPU.Build.0 = Release|Any CPU
		{C58DC0F9-E133-4C00-85B5-CC9262CB10C1}.Release|x64.ActiveCfg = Release|Any CPU
		{C58DC0F9-E133-4C00-85B5-CC9262CB10C1}.Release|x64.Build.0 = Release|Any CPU
		{C58DC0F9-E133-4C00-85B5-CC9262CB10C1}.Release|x86.ActiveCfg = Release|Any CPU
		{C58DC0F9-E133-4C00-85B5-CC9262CB10C1}.Release|x86.Build.0 = Release|Any CPU
		{385B9D66-EF72-402F-9232-DC32B5F6703A}.Debug|Any CPU.ActiveCfg = Debug|Any CPU
		{385B9D66-EF72-402F-9232-DC32B5F6703A}.Debug|Any CPU.Build.0 = Debug|Any CPU
		{385B9D66-EF72-402F-9232-DC32B5F6703A}.Debug|x64.ActiveCfg = Debug|Any CPU
		{385B9D66-EF72-402F-9232-DC32B5F6703A}.Debug|x64.Build.0 = Debug|Any CPU
		{385B9D66-EF72-402F-9232-DC32B5F6703A}.Debug|x86.ActiveCfg = Debug|Any CPU
		{385B9D66-EF72-402F-9232-DC32B5F6703A}.Debug|x86.Build.0 = Debug|Any CPU
		{385B9D66-EF72-402F-9232-DC32B5F6703A}.Release|Any CPU.ActiveCfg = Release|Any CPU
		{385B9D66-EF72-402F-9232-DC32B5F6703A}.Release|Any CPU.Build.0 = Release|Any CPU
		{385B9D66-EF72-402F-9232-DC32B5F6703A}.Release|x64.ActiveCfg = Release|Any CPU
		{385B9D66-EF72-402F-9232-DC32B5F6703A}.Release|x64.Build.0 = Release|Any CPU
		{385B9D66-EF72-402F-9232-DC32B5F6703A}.Release|x86.ActiveCfg = Release|Any CPU
		{385B9D66-EF72-402F-9232-DC32B5F6703A}.Release|x86.Build.0 = Release|Any CPU
		{BAF46B7A-B9E0-4D66-97D2-27FFDCE66541}.Debug|Any CPU.ActiveCfg = Debug|Any CPU
		{BAF46B7A-B9E0-4D66-97D2-27FFDCE66541}.Debug|Any CPU.Build.0 = Debug|Any CPU
		{BAF46B7A-B9E0-4D66-97D2-27FFDCE66541}.Debug|x64.ActiveCfg = Debug|Any CPU
		{BAF46B7A-B9E0-4D66-97D2-27FFDCE66541}.Debug|x64.Build.0 = Debug|Any CPU
		{BAF46B7A-B9E0-4D66-97D2-27FFDCE66541}.Debug|x86.ActiveCfg = Debug|Any CPU
		{BAF46B7A-B9E0-4D66-97D2-27FFDCE66541}.Debug|x86.Build.0 = Debug|Any CPU
		{BAF46B7A-B9E0-4D66-97D2-27FFDCE66541}.Release|Any CPU.ActiveCfg = Release|Any CPU
		{BAF46B7A-B9E0-4D66-97D2-27FFDCE66541}.Release|Any CPU.Build.0 = Release|Any CPU
		{BAF46B7A-B9E0-4D66-97D2-27FFDCE66541}.Release|x64.ActiveCfg = Release|Any CPU
		{BAF46B7A-B9E0-4D66-97D2-27FFDCE66541}.Release|x64.Build.0 = Release|Any CPU
		{BAF46B7A-B9E0-4D66-97D2-27FFDCE66541}.Release|x86.ActiveCfg = Release|Any CPU
		{BAF46B7A-B9E0-4D66-97D2-27FFDCE66541}.Release|x86.Build.0 = Release|Any CPU
		{2C90B857-187D-47DB-9A46-16AD5E262646}.Debug|Any CPU.ActiveCfg = Debug|Any CPU
		{2C90B857-187D-47DB-9A46-16AD5E262646}.Debug|Any CPU.Build.0 = Debug|Any CPU
		{2C90B857-187D-47DB-9A46-16AD5E262646}.Debug|x64.ActiveCfg = Debug|Any CPU
		{2C90B857-187D-47DB-9A46-16AD5E262646}.Debug|x64.Build.0 = Debug|Any CPU
		{2C90B857-187D-47DB-9A46-16AD5E262646}.Debug|x86.ActiveCfg = Debug|Any CPU
		{2C90B857-187D-47DB-9A46-16AD5E262646}.Debug|x86.Build.0 = Debug|Any CPU
		{2C90B857-187D-47DB-9A46-16AD5E262646}.Release|Any CPU.ActiveCfg = Release|Any CPU
		{2C90B857-187D-47DB-9A46-16AD5E262646}.Release|Any CPU.Build.0 = Release|Any CPU
		{2C90B857-187D-47DB-9A46-16AD5E262646}.Release|x64.ActiveCfg = Release|Any CPU
		{2C90B857-187D-47DB-9A46-16AD5E262646}.Release|x64.Build.0 = Release|Any CPU
		{2C90B857-187D-47DB-9A46-16AD5E262646}.Release|x86.ActiveCfg = Release|Any CPU
		{2C90B857-187D-47DB-9A46-16AD5E262646}.Release|x86.Build.0 = Release|Any CPU
		{7B5697B2-27CE-4154-AAC2-9A0DC7764EB9}.Debug|Any CPU.ActiveCfg = Debug|Any CPU
		{7B5697B2-27CE-4154-AAC2-9A0DC7764EB9}.Debug|Any CPU.Build.0 = Debug|Any CPU
		{7B5697B2-27CE-4154-AAC2-9A0DC7764EB9}.Debug|x64.ActiveCfg = Debug|Any CPU
		{7B5697B2-27CE-4154-AAC2-9A0DC7764EB9}.Debug|x64.Build.0 = Debug|Any CPU
		{7B5697B2-27CE-4154-AAC2-9A0DC7764EB9}.Debug|x86.ActiveCfg = Debug|Any CPU
		{7B5697B2-27CE-4154-AAC2-9A0DC7764EB9}.Debug|x86.Build.0 = Debug|Any CPU
		{7B5697B2-27CE-4154-AAC2-9A0DC7764EB9}.Release|Any CPU.ActiveCfg = Release|Any CPU
		{7B5697B2-27CE-4154-AAC2-9A0DC7764EB9}.Release|Any CPU.Build.0 = Release|Any CPU
		{7B5697B2-27CE-4154-AAC2-9A0DC7764EB9}.Release|x64.ActiveCfg = Release|Any CPU
		{7B5697B2-27CE-4154-AAC2-9A0DC7764EB9}.Release|x64.Build.0 = Release|Any CPU
		{7B5697B2-27CE-4154-AAC2-9A0DC7764EB9}.Release|x86.ActiveCfg = Release|Any CPU
		{7B5697B2-27CE-4154-AAC2-9A0DC7764EB9}.Release|x86.Build.0 = Release|Any CPU
		{29EE7AF0-C111-48DD-A138-60D6480EB655}.Debug|Any CPU.ActiveCfg = Debug|Any CPU
		{29EE7AF0-C111-48DD-A138-60D6480EB655}.Debug|Any CPU.Build.0 = Debug|Any CPU
		{29EE7AF0-C111-48DD-A138-60D6480EB655}.Debug|x64.ActiveCfg = Debug|Any CPU
		{29EE7AF0-C111-48DD-A138-60D6480EB655}.Debug|x64.Build.0 = Debug|Any CPU
		{29EE7AF0-C111-48DD-A138-60D6480EB655}.Debug|x86.ActiveCfg = Debug|Any CPU
		{29EE7AF0-C111-48DD-A138-60D6480EB655}.Debug|x86.Build.0 = Debug|Any CPU
		{29EE7AF0-C111-48DD-A138-60D6480EB655}.Release|Any CPU.ActiveCfg = Release|Any CPU
		{29EE7AF0-C111-48DD-A138-60D6480EB655}.Release|Any CPU.Build.0 = Release|Any CPU
		{29EE7AF0-C111-48DD-A138-60D6480EB655}.Release|x64.ActiveCfg = Release|Any CPU
		{29EE7AF0-C111-48DD-A138-60D6480EB655}.Release|x64.Build.0 = Release|Any CPU
		{29EE7AF0-C111-48DD-A138-60D6480EB655}.Release|x86.ActiveCfg = Release|Any CPU
		{29EE7AF0-C111-48DD-A138-60D6480EB655}.Release|x86.Build.0 = Release|Any CPU
		{5F9F5B69-34B2-4E05-8B7A-EFF7E8BF77E5}.Debug|Any CPU.ActiveCfg = Debug|Any CPU
		{5F9F5B69-34B2-4E05-8B7A-EFF7E8BF77E5}.Debug|Any CPU.Build.0 = Debug|Any CPU
		{5F9F5B69-34B2-4E05-8B7A-EFF7E8BF77E5}.Debug|x64.ActiveCfg = Debug|Any CPU
		{5F9F5B69-34B2-4E05-8B7A-EFF7E8BF77E5}.Debug|x64.Build.0 = Debug|Any CPU
		{5F9F5B69-34B2-4E05-8B7A-EFF7E8BF77E5}.Debug|x86.ActiveCfg = Debug|Any CPU
		{5F9F5B69-34B2-4E05-8B7A-EFF7E8BF77E5}.Debug|x86.Build.0 = Debug|Any CPU
		{5F9F5B69-34B2-4E05-8B7A-EFF7E8BF77E5}.Release|Any CPU.ActiveCfg = Release|Any CPU
		{5F9F5B69-34B2-4E05-8B7A-EFF7E8BF77E5}.Release|Any CPU.Build.0 = Release|Any CPU
		{5F9F5B69-34B2-4E05-8B7A-EFF7E8BF77E5}.Release|x64.ActiveCfg = Release|Any CPU
		{5F9F5B69-34B2-4E05-8B7A-EFF7E8BF77E5}.Release|x64.Build.0 = Release|Any CPU
		{5F9F5B69-34B2-4E05-8B7A-EFF7E8BF77E5}.Release|x86.ActiveCfg = Release|Any CPU
		{5F9F5B69-34B2-4E05-8B7A-EFF7E8BF77E5}.Release|x86.Build.0 = Release|Any CPU
		{90D364F4-26EF-4BC0-839B-BC47F4F041CA}.Debug|Any CPU.ActiveCfg = Debug|Any CPU
		{90D364F4-26EF-4BC0-839B-BC47F4F041CA}.Debug|Any CPU.Build.0 = Debug|Any CPU
		{90D364F4-26EF-4BC0-839B-BC47F4F041CA}.Debug|x64.ActiveCfg = Debug|Any CPU
		{90D364F4-26EF-4BC0-839B-BC47F4F041CA}.Debug|x64.Build.0 = Debug|Any CPU
		{90D364F4-26EF-4BC0-839B-BC47F4F041CA}.Debug|x86.ActiveCfg = Debug|Any CPU
		{90D364F4-26EF-4BC0-839B-BC47F4F041CA}.Debug|x86.Build.0 = Debug|Any CPU
		{90D364F4-26EF-4BC0-839B-BC47F4F041CA}.Release|Any CPU.ActiveCfg = Release|Any CPU
		{90D364F4-26EF-4BC0-839B-BC47F4F041CA}.Release|Any CPU.Build.0 = Release|Any CPU
		{90D364F4-26EF-4BC0-839B-BC47F4F041CA}.Release|x64.ActiveCfg = Release|Any CPU
		{90D364F4-26EF-4BC0-839B-BC47F4F041CA}.Release|x64.Build.0 = Release|Any CPU
		{90D364F4-26EF-4BC0-839B-BC47F4F041CA}.Release|x86.ActiveCfg = Release|Any CPU
		{90D364F4-26EF-4BC0-839B-BC47F4F041CA}.Release|x86.Build.0 = Release|Any CPU
		{C8F2F0D6-01A8-428D-82EF-6F8233E76C84}.Debug|Any CPU.ActiveCfg = Debug|Any CPU
		{C8F2F0D6-01A8-428D-82EF-6F8233E76C84}.Debug|Any CPU.Build.0 = Debug|Any CPU
		{C8F2F0D6-01A8-428D-82EF-6F8233E76C84}.Debug|x64.ActiveCfg = Debug|Any CPU
		{C8F2F0D6-01A8-428D-82EF-6F8233E76C84}.Debug|x64.Build.0 = Debug|Any CPU
		{C8F2F0D6-01A8-428D-82EF-6F8233E76C84}.Debug|x86.ActiveCfg = Debug|Any CPU
		{C8F2F0D6-01A8-428D-82EF-6F8233E76C84}.Debug|x86.Build.0 = Debug|Any CPU
		{C8F2F0D6-01A8-428D-82EF-6F8233E76C84}.Release|Any CPU.ActiveCfg = Release|Any CPU
		{C8F2F0D6-01A8-428D-82EF-6F8233E76C84}.Release|Any CPU.Build.0 = Release|Any CPU
		{C8F2F0D6-01A8-428D-82EF-6F8233E76C84}.Release|x64.ActiveCfg = Release|Any CPU
		{C8F2F0D6-01A8-428D-82EF-6F8233E76C84}.Release|x64.Build.0 = Release|Any CPU
		{C8F2F0D6-01A8-428D-82EF-6F8233E76C84}.Release|x86.ActiveCfg = Release|Any CPU
		{C8F2F0D6-01A8-428D-82EF-6F8233E76C84}.Release|x86.Build.0 = Release|Any CPU
		{0898F1F3-ACEF-4EBA-9E08-114E6EE152B7}.Debug|Any CPU.ActiveCfg = Debug|Any CPU
		{0898F1F3-ACEF-4EBA-9E08-114E6EE152B7}.Debug|Any CPU.Build.0 = Debug|Any CPU
		{0898F1F3-ACEF-4EBA-9E08-114E6EE152B7}.Debug|x64.ActiveCfg = Debug|Any CPU
		{0898F1F3-ACEF-4EBA-9E08-114E6EE152B7}.Debug|x64.Build.0 = Debug|Any CPU
		{0898F1F3-ACEF-4EBA-9E08-114E6EE152B7}.Debug|x86.ActiveCfg = Debug|Any CPU
		{0898F1F3-ACEF-4EBA-9E08-114E6EE152B7}.Debug|x86.Build.0 = Debug|Any CPU
		{0898F1F3-ACEF-4EBA-9E08-114E6EE152B7}.Release|Any CPU.ActiveCfg = Release|Any CPU
		{0898F1F3-ACEF-4EBA-9E08-114E6EE152B7}.Release|Any CPU.Build.0 = Release|Any CPU
		{0898F1F3-ACEF-4EBA-9E08-114E6EE152B7}.Release|x64.ActiveCfg = Release|Any CPU
		{0898F1F3-ACEF-4EBA-9E08-114E6EE152B7}.Release|x64.Build.0 = Release|Any CPU
		{0898F1F3-ACEF-4EBA-9E08-114E6EE152B7}.Release|x86.ActiveCfg = Release|Any CPU
		{0898F1F3-ACEF-4EBA-9E08-114E6EE152B7}.Release|x86.Build.0 = Release|Any CPU
		{B0A668AD-9D12-4886-93E1-569A2AD73F18}.Debug|Any CPU.ActiveCfg = Debug|Any CPU
		{B0A668AD-9D12-4886-93E1-569A2AD73F18}.Debug|Any CPU.Build.0 = Debug|Any CPU
		{B0A668AD-9D12-4886-93E1-569A2AD73F18}.Debug|x64.ActiveCfg = Debug|Any CPU
		{B0A668AD-9D12-4886-93E1-569A2AD73F18}.Debug|x64.Build.0 = Debug|Any CPU
		{B0A668AD-9D12-4886-93E1-569A2AD73F18}.Debug|x86.ActiveCfg = Debug|Any CPU
		{B0A668AD-9D12-4886-93E1-569A2AD73F18}.Debug|x86.Build.0 = Debug|Any CPU
		{B0A668AD-9D12-4886-93E1-569A2AD73F18}.Release|Any CPU.ActiveCfg = Release|Any CPU
		{B0A668AD-9D12-4886-93E1-569A2AD73F18}.Release|Any CPU.Build.0 = Release|Any CPU
		{B0A668AD-9D12-4886-93E1-569A2AD73F18}.Release|x64.ActiveCfg = Release|Any CPU
		{B0A668AD-9D12-4886-93E1-569A2AD73F18}.Release|x64.Build.0 = Release|Any CPU
		{B0A668AD-9D12-4886-93E1-569A2AD73F18}.Release|x86.ActiveCfg = Release|Any CPU
		{B0A668AD-9D12-4886-93E1-569A2AD73F18}.Release|x86.Build.0 = Release|Any CPU
		{8CEDD086-CDE8-4F95-A7B9-85D215F7A683}.Debug|Any CPU.ActiveCfg = Debug|Any CPU
		{8CEDD086-CDE8-4F95-A7B9-85D215F7A683}.Debug|Any CPU.Build.0 = Debug|Any CPU
		{8CEDD086-CDE8-4F95-A7B9-85D215F7A683}.Debug|x64.ActiveCfg = Debug|Any CPU
		{8CEDD086-CDE8-4F95-A7B9-85D215F7A683}.Debug|x64.Build.0 = Debug|Any CPU
		{8CEDD086-CDE8-4F95-A7B9-85D215F7A683}.Debug|x86.ActiveCfg = Debug|Any CPU
		{8CEDD086-CDE8-4F95-A7B9-85D215F7A683}.Debug|x86.Build.0 = Debug|Any CPU
		{8CEDD086-CDE8-4F95-A7B9-85D215F7A683}.Release|Any CPU.ActiveCfg = Release|Any CPU
		{8CEDD086-CDE8-4F95-A7B9-85D215F7A683}.Release|Any CPU.Build.0 = Release|Any CPU
		{8CEDD086-CDE8-4F95-A7B9-85D215F7A683}.Release|x64.ActiveCfg = Release|Any CPU
		{8CEDD086-CDE8-4F95-A7B9-85D215F7A683}.Release|x64.Build.0 = Release|Any CPU
		{8CEDD086-CDE8-4F95-A7B9-85D215F7A683}.Release|x86.ActiveCfg = Release|Any CPU
		{8CEDD086-CDE8-4F95-A7B9-85D215F7A683}.Release|x86.Build.0 = Release|Any CPU
		{2BA683E9-18DC-4E8E-9F28-1E4B82B63164}.Debug|Any CPU.ActiveCfg = Debug|Any CPU
		{2BA683E9-18DC-4E8E-9F28-1E4B82B63164}.Debug|Any CPU.Build.0 = Debug|Any CPU
		{2BA683E9-18DC-4E8E-9F28-1E4B82B63164}.Debug|x64.ActiveCfg = Debug|Any CPU
		{2BA683E9-18DC-4E8E-9F28-1E4B82B63164}.Debug|x64.Build.0 = Debug|Any CPU
		{2BA683E9-18DC-4E8E-9F28-1E4B82B63164}.Debug|x86.ActiveCfg = Debug|Any CPU
		{2BA683E9-18DC-4E8E-9F28-1E4B82B63164}.Debug|x86.Build.0 = Debug|Any CPU
		{2BA683E9-18DC-4E8E-9F28-1E4B82B63164}.Release|Any CPU.ActiveCfg = Release|Any CPU
		{2BA683E9-18DC-4E8E-9F28-1E4B82B63164}.Release|Any CPU.Build.0 = Release|Any CPU
		{2BA683E9-18DC-4E8E-9F28-1E4B82B63164}.Release|x64.ActiveCfg = Release|Any CPU
		{2BA683E9-18DC-4E8E-9F28-1E4B82B63164}.Release|x64.Build.0 = Release|Any CPU
		{2BA683E9-18DC-4E8E-9F28-1E4B82B63164}.Release|x86.ActiveCfg = Release|Any CPU
		{2BA683E9-18DC-4E8E-9F28-1E4B82B63164}.Release|x86.Build.0 = Release|Any CPU
		{5EDE6609-DFF0-4368-ADFD-483D9675FC67}.Debug|Any CPU.ActiveCfg = Debug|Any CPU
		{5EDE6609-DFF0-4368-ADFD-483D9675FC67}.Debug|Any CPU.Build.0 = Debug|Any CPU
		{5EDE6609-DFF0-4368-ADFD-483D9675FC67}.Debug|x64.ActiveCfg = Debug|Any CPU
		{5EDE6609-DFF0-4368-ADFD-483D9675FC67}.Debug|x64.Build.0 = Debug|Any CPU
		{5EDE6609-DFF0-4368-ADFD-483D9675FC67}.Debug|x86.ActiveCfg = Debug|Any CPU
		{5EDE6609-DFF0-4368-ADFD-483D9675FC67}.Debug|x86.Build.0 = Debug|Any CPU
		{5EDE6609-DFF0-4368-ADFD-483D9675FC67}.Release|Any CPU.ActiveCfg = Release|Any CPU
		{5EDE6609-DFF0-4368-ADFD-483D9675FC67}.Release|Any CPU.Build.0 = Release|Any CPU
		{5EDE6609-DFF0-4368-ADFD-483D9675FC67}.Release|x64.ActiveCfg = Release|Any CPU
		{5EDE6609-DFF0-4368-ADFD-483D9675FC67}.Release|x64.Build.0 = Release|Any CPU
		{5EDE6609-DFF0-4368-ADFD-483D9675FC67}.Release|x86.ActiveCfg = Release|Any CPU
		{5EDE6609-DFF0-4368-ADFD-483D9675FC67}.Release|x86.Build.0 = Release|Any CPU
	EndGlobalSection
	GlobalSection(SolutionProperties) = preSolution
		HideSolutionNode = FALSE
	EndGlobalSection
	GlobalSection(NestedProjects) = preSolution
		{56BEAB72-95EF-448C-B434-E489CEEA5AFF} = {827E0CD3-B72D-47B6-A68D-7590B98EB39B}
		{640C1803-3F60-4957-BF2D-7812B1A37CCC} = {827E0CD3-B72D-47B6-A68D-7590B98EB39B}
		{BC7B5222-1E92-40AD-94D3-8CCD82525DF4} = {827E0CD3-B72D-47B6-A68D-7590B98EB39B}
		{47310D7F-4E33-4560-9487-338769A8DF50} = {827E0CD3-B72D-47B6-A68D-7590B98EB39B}
		{ED83E8C8-8A53-4372-AE5C-C8E368C73352} = {827E0CD3-B72D-47B6-A68D-7590B98EB39B}
		{81D1C3A9-A6A0-44BE-AEF9-CB72832B96EC} = {827E0CD3-B72D-47B6-A68D-7590B98EB39B}
		{C58DC0F9-E133-4C00-85B5-CC9262CB10C1} = {827E0CD3-B72D-47B6-A68D-7590B98EB39B}
		{385B9D66-EF72-402F-9232-DC32B5F6703A} = {827E0CD3-B72D-47B6-A68D-7590B98EB39B}
		{BAF46B7A-B9E0-4D66-97D2-27FFDCE66541} = {827E0CD3-B72D-47B6-A68D-7590B98EB39B}
		{2C90B857-187D-47DB-9A46-16AD5E262646} = {0AB3BF05-4346-4AA6-1389-037BE0695223}
		{7B5697B2-27CE-4154-AAC2-9A0DC7764EB9} = {0AB3BF05-4346-4AA6-1389-037BE0695223}
		{29EE7AF0-C111-48DD-A138-60D6480EB655} = {0AB3BF05-4346-4AA6-1389-037BE0695223}
		{5F9F5B69-34B2-4E05-8B7A-EFF7E8BF77E5} = {0AB3BF05-4346-4AA6-1389-037BE0695223}
		{90D364F4-26EF-4BC0-839B-BC47F4F041CA} = {0AB3BF05-4346-4AA6-1389-037BE0695223}
		{C8F2F0D6-01A8-428D-82EF-6F8233E76C84} = {0AB3BF05-4346-4AA6-1389-037BE0695223}
		{0898F1F3-ACEF-4EBA-9E08-114E6EE152B7} = {0AB3BF05-4346-4AA6-1389-037BE0695223}
		{B0A668AD-9D12-4886-93E1-569A2AD73F18} = {0AB3BF05-4346-4AA6-1389-037BE0695223}
		{8CEDD086-CDE8-4F95-A7B9-85D215F7A683} = {827E0CD3-B72D-47B6-A68D-7590B98EB39B}
		{2BA683E9-18DC-4E8E-9F28-1E4B82B63164} = {827E0CD3-B72D-47B6-A68D-7590B98EB39B}
		{5EDE6609-DFF0-4368-ADFD-483D9675FC67} = {827E0CD3-B72D-47B6-A68D-7590B98EB39B}
	EndGlobalSection
EndGlobal
